schema: '2.0'
stages:
  data_ingestion:
    cmd: python src/data/data_ingestion.py
    deps:
    - path: src/data/data_ingestion.py
      hash: md5
      md5: bb90bfe1d3421ae80bc439a161d04e3e
      size: 3449
    params:
      params.yaml:
        data_ingestion.test_size: 0.4
    outs:
    - path: data/raw
      hash: md5
      md5: 106c38725190ad2e4bab6fa291b592a8.dir
      size: 827973
      nfiles: 2
  data_preprocessing:
    cmd: python src/data/data_preprocessing.py
    deps:
    - path: data/raw
      hash: md5
      md5: 106c38725190ad2e4bab6fa291b592a8.dir
      size: 827973
      nfiles: 2
    - path: src/data/data_preprocessing.py
      hash: md5
      md5: 2031843912c4af269f668db21e154783
      size: 3895
    outs:
    - path: data/interim
      hash: md5
      md5: 174016c5473576c31be2093222f61d3d.dir
      size: 566210
      nfiles: 2
  feature_engineering:
    cmd: python src/features/feature_engineering.py
    deps:
    - path: data/interim
      hash: md5
      md5: 174016c5473576c31be2093222f61d3d.dir
      size: 566210
      nfiles: 2
    - path: src/features/feature_engineering.py
      hash: md5
      md5: a4e2c9d9336aabf06653beacce87912e
      size: 3770
    params:
      params.yaml:
        feature_engineering.max_features: 2000
    outs:
    - path: data/processed
      hash: md5
      md5: 4c02d7afc3ca2f4d78b4ba3524859491.dir
      size: 41544916
      nfiles: 2
    - path: models/vectorizer.pkl
      hash: md5
      md5: 403504c95a139a5596c404a2923cbc79
      size: 47069
  model_building:
    cmd: python src/model/model_building.py
    deps:
    - path: data/processed
      hash: md5
      md5: 4c02d7afc3ca2f4d78b4ba3524859491.dir
      size: 41544916
      nfiles: 2
    - path: src/model/model_building.py
      hash: md5
      md5: 4d89bb8181366c524ab585b55705b265
      size: 2298
    outs:
    - path: models/model.pkl
      hash: md5
      md5: 5998800d42fdca396d7f4c033ff15302
      size: 16716
  model_evaluation:
    cmd: python src/model/model_evaluation.py
    deps:
    - path: models/model.pkl
      hash: md5
      md5: 5998800d42fdca396d7f4c033ff15302
      size: 16716
    - path: src/model/model_evaluation.py
      hash: md5
      md5: 8d9fd866920bdf37e997c555df739c30
      size: 5690
    outs:
    - path: reports/experiment_info.json
      hash: md5
      md5: 30dfab11ecd89b3aaf3cc9b52f40b439
      size: 82
    - path: reports/metrics.json
      hash: md5
      md5: a6576c43461c1d1e976b7f0a4a4698b9
      size: 145
  model_registration:
    cmd: python src/model/register_model.py
    deps:
    - path: reports/experiment_info.json
      hash: md5
      md5: 30dfab11ecd89b3aaf3cc9b52f40b439
      size: 82
    - path: src/model/register_model.py
      hash: md5
      md5: ad577dcefc8b03133655cc377e9a6e8d
      size: 2988
